<?xml version="1.0" encoding="utf-8"?>
<Project ToolsVersion="4.0" xmlns="http://schemas.microsoft.com/developer/msbuild/2003">
  <ItemGroup>
    <Filter Include="소스 파일">
      <UniqueIdentifier>{4FC737F1-C7A5-4376-A066-2A32D752A2FF}</UniqueIdentifier>
      <Extensions>cpp;c;cc;cxx;def;odl;idl;hpj;bat;asm;asmx</Extensions>
    </Filter>
    <Filter Include="헤더 파일">
      <UniqueIdentifier>{93995380-89BD-4b04-88EB-625FBE52EBFB}</UniqueIdentifier>
      <Extensions>h;hh;hpp;hxx;hm;inl;inc;xsd</Extensions>
    </Filter>
    <Filter Include="리소스 파일">
      <UniqueIdentifier>{67DA6AB6-F800-4c08-8B7A-83BB121AAD01}</UniqueIdentifier>
      <Extensions>rc;ico;cur;bmp;dlg;rc2;rct;bin;rgs;gif;jpg;jpeg;jpe;resx;tiff;tif;png;wav;mfcribbon-ms</Extensions>
    </Filter>
    <Filter Include="IkhWinLib2">
      <UniqueIdentifier>{ef273f96-9219-46a2-beea-5b8230713eba}</UniqueIdentifier>
    </Filter>
    <Filter Include="IkhWinLib2\Exceptions">
      <UniqueIdentifier>{f4cc89fe-0096-4861-a4ef-6b7241cbe40c}</UniqueIdentifier>
    </Filter>
    <Filter Include="IkhWinLib2\Controls">
      <UniqueIdentifier>{192e4551-3358-45d3-8590-682d1eaa9f41}</UniqueIdentifier>
    </Filter>
    <Filter Include="소스 파일\Controls">
      <UniqueIdentifier>{e8cb6587-b2c9-4c05-b126-f63d5892ba30}</UniqueIdentifier>
    </Filter>
    <Filter Include="IkhWinLib2\Dialog">
      <UniqueIdentifier>{04f7d4b3-ac05-4261-bad7-faff102a2b1a}</UniqueIdentifier>
    </Filter>
    <Filter Include="소스 파일\Dialog">
      <UniqueIdentifier>{4056a8e6-375f-4489-bed5-f27e40015c97}</UniqueIdentifier>
    </Filter>
  </ItemGroup>
  <ItemGroup>
    <Text Include="ReadMe.txt" />
  </ItemGroup>
  <ItemGroup>
    <ClInclude Include="stdafx.h">
      <Filter>헤더 파일</Filter>
    </ClInclude>
    <ClInclude Include="targetver.h">
      <Filter>헤더 파일</Filter>
    </ClInclude>
    <ClInclude Include="IkhWinLib2\CObject.h">
      <Filter>IkhWinLib2</Filter>
    </ClInclude>
    <ClInclude Include="IkhWinLib2\Defines.h">
      <Filter>IkhWinLib2</Filter>
    </ClInclude>
    <ClInclude Include="IkhWinLib2\CApplication.h">
      <Filter>IkhWinLib2</Filter>
    </ClInclude>
    <ClInclude Include="IkhWinLib2\CMsgTarget.h">
      <Filter>IkhWinLib2</Filter>
    </ClInclude>
    <ClInclude Include="IkhWinLib2\CWndClass.h">
      <Filter>IkhWinLib2</Filter>
    </ClInclude>
    <ClInclude Include="IkhWinLib2\CException.h">
      <Filter>IkhWinLib2\Exceptions</Filter>
    </ClInclude>
    <ClInclude Include="IkhWinLib2\CSystemError.h">
      <Filter>IkhWinLib2\Exceptions</Filter>
    </ClInclude>
    <ClInclude Include="IkhWinLib2\MsgCracker.h">
      <Filter>IkhWinLib2</Filter>
    </ClInclude>
    <ClInclude Include="IkhWinLib2\CEditCtrl.h">
      <Filter>IkhWinLib2\Controls</Filter>
    </ClInclude>
    <ClInclude Include="IkhWinLib2\EnableVisualStyle.h">
      <Filter>IkhWinLib2</Filter>
    </ClInclude>
    <ClInclude Include="IkhWinLib2\CComboBoxCtrl.h">
      <Filter>IkhWinLib2\Controls</Filter>
    </ClInclude>
    <ClInclude Include="IkhWinLib2\IkhWinLib2.h">
      <Filter>IkhWinLib2</Filter>
    </ClInclude>
    <ClInclude Include="IkhWinLib2\CWindow.h">
      <Filter>IkhWinLib2</Filter>
    </ClInclude>
    <ClInclude Include="IkhWinLib2\Utility.h">
      <Filter>IkhWinLib2</Filter>
    </ClInclude>
    <ClInclude Include="IkhWinLib2\FnEvent.h">
      <Filter>IkhWinLib2</Filter>
    </ClInclude>
    <ClInclude Include="IkhWinLib2\CLogicError.h">
      <Filter>IkhWinLib2\Exceptions</Filter>
    </ClInclude>
    <ClInclude Include="IkhWinLib2\CThreadOpenGLWnd.h">
      <Filter>IkhWinLib2</Filter>
    </ClInclude>
    <ClInclude Include="IkhWinLib2\CIdleOpenGLWnd.h">
      <Filter>IkhWinLib2</Filter>
    </ClInclude>
    <ClInclude Include="IkhWinLib2\COpenGLWnd.h">
      <Filter>IkhWinLib2</Filter>
    </ClInclude>
    <ClInclude Include="IkhWinLib2\CWin32Thread.h">
      <Filter>IkhWinLib2</Filter>
    </ClInclude>
    <ClInclude Include="IkhWinLib2\CForm.h">
      <Filter>IkhWinLib2</Filter>
    </ClInclude>
    <ClInclude Include="IkhWinLib2\CButtonCtrl.h">
      <Filter>IkhWinLib2\Controls</Filter>
    </ClInclude>
    <ClInclude Include="IkhWinLib2\CListBoxCtrl.h">
      <Filter>IkhWinLib2\Controls</Filter>
    </ClInclude>
    <ClInclude Include="IkhWinLib2\CStaticCtrl.h">
      <Filter>IkhWinLib2\Controls</Filter>
    </ClInclude>
    <ClInclude Include="IkhWinLib2\CScrollbarCtrl.h">
      <Filter>IkhWinLib2\Controls</Filter>
    </ClInclude>
    <ClInclude Include="IkhWinLib2\CProgressCtrl.h">
      <Filter>IkhWinLib2\Controls</Filter>
    </ClInclude>
    <ClInclude Include="IkhWinLib2\CTrackbarCtrl.h">
      <Filter>IkhWinLib2\Controls</Filter>
    </ClInclude>
    <ClInclude Include="IkhWinLib2\CSpinbtnCtrl.h">
      <Filter>IkhWinLib2\Controls</Filter>
    </ClInclude>
    <ClInclude Include="IkhWinLib2\CHotkeyCtrl.h">
      <Filter>IkhWinLib2\Controls</Filter>
    </ClInclude>
    <ClInclude Include="IkhWinLib2\CDateTimePickCtrl.h">
      <Filter>IkhWinLib2\Controls</Filter>
    </ClInclude>
    <ClInclude Include="IkhWinLib2\IControl.h">
      <Filter>IkhWinLib2\Controls</Filter>
    </ClInclude>
    <ClInclude Include="IkhWinLib2\CTreeViewCtrl.h">
      <Filter>IkhWinLib2\Controls</Filter>
    </ClInclude>
    <ClInclude Include="IkhWinLib2\CPropViewCtrl.h">
      <Filter>IkhWinLib2\Controls</Filter>
    </ClInclude>
    <ClInclude Include="resource.h">
      <Filter>헤더 파일</Filter>
    </ClInclude>
    <ClInclude Include="IkhWinLib2\CModalDialog.h">
      <Filter>IkhWinLib2\Dialog</Filter>
    </ClInclude>
    <ClInclude Include="IkhWinLib2\CModelessDialog.h">
      <Filter>IkhWinLib2\Dialog</Filter>
    </ClInclude>
    <ClInclude Include="IkhWinLib2\CDialog.h">
      <Filter>IkhWinLib2\Dialog</Filter>
    </ClInclude>
    <ClInclude Include="IkhWinLib2\CFontDialog.h">
      <Filter>IkhWinLib2\Dialog</Filter>
    </ClInclude>
    <ClInclude Include="IkhWinLib2\CFileDialog.h">
      <Filter>IkhWinLib2\Dialog</Filter>
    </ClInclude>
    <ClInclude Include="IkhWinLib2\CColorDialog.h">
      <Filter>IkhWinLib2\Dialog</Filter>
    </ClInclude>
    <ClInclude Include="IkhWinLib2\CFindReplaceDialog.h">
      <Filter>IkhWinLib2\Dialog</Filter>
    </ClInclude>
    <ClInclude Include="IkhWinLib2\CImageList.h">
      <Filter>IkhWinLib2</Filter>
    </ClInclude>
    <ClInclude Include="IkhWinLib2\CDbBufDC.h">
      <Filter>IkhWinLib2</Filter>
    </ClInclude>
    <ClInclude Include="IkhWinLib2\CGdiObject.h">
      <Filter>IkhWinLib2</Filter>
    </ClInclude>
    <ClInclude Include="IkhWinLib2\CDDBitmap.h">
      <Filter>IkhWinLib2</Filter>
    </ClInclude>
    <ClInclude Include="IkhWinLib2\CToolTipCtrl.h">
      <Filter>IkhWinLib2\Controls</Filter>
    </ClInclude>
    <ClInclude Include="IkhWinLib2\CMenu.h">
      <Filter>IkhWinLib2</Filter>
    </ClInclude>
  </ItemGroup>
  <ItemGroup>
    <ClCompile Include="stdafx.cpp">
      <Filter>소스 파일</Filter>
    </ClCompile>
    <ClCompile Include="CApplication.cpp">
      <Filter>소스 파일</Filter>
    </ClCompile>
    <ClCompile Include="CWindow.cpp">
      <Filter>소스 파일</Filter>
    </ClCompile>
    <ClCompile Include="CMsgTarget.cpp">
      <Filter>소스 파일</Filter>
    </ClCompile>
    <ClCompile Include="CWndClass.cpp">
      <Filter>소스 파일</Filter>
    </ClCompile>
    <ClCompile Include="CThreadOpenGLWnd.cpp">
      <Filter>소스 파일</Filter>
    </ClCompile>
    <ClCompile Include="CIdleOpenGLWnd.cpp">
      <Filter>소스 파일</Filter>
    </ClCompile>
    <ClCompile Include="COpenGLWnd.cpp">
      <Filter>소스 파일</Filter>
    </ClCompile>
    <ClCompile Include="CWin32Thread.cpp">
      <Filter>소스 파일</Filter>
    </ClCompile>
    <ClCompile Include="CForm.cpp">
      <Filter>소스 파일</Filter>
    </ClCompile>
    <ClCompile Include="CComboBoxCtrl.cpp">
      <Filter>소스 파일\Controls</Filter>
    </ClCompile>
    <ClCompile Include="CEditCtrl.cpp">
      <Filter>소스 파일\Controls</Filter>
    </ClCompile>
    <ClCompile Include="CButtonCtrl.cpp">
      <Filter>소스 파일\Controls</Filter>
    </ClCompile>
    <ClCompile Include="CListBoxCtrl.cpp">
      <Filter>소스 파일\Controls</Filter>
    </ClCompile>
    <ClCompile Include="CScrollbarCtrl.cpp">
      <Filter>소스 파일\Controls</Filter>
    </ClCompile>
    <ClCompile Include="CStaticCtrl.cpp">
      <Filter>소스 파일\Controls</Filter>
    </ClCompile>
    <ClCompile Include="CProgressCtrl.cpp">
      <Filter>소스 파일\Controls</Filter>
    </ClCompile>
    <ClCompile Include="CTrackbarCtrl.cpp">
      <Filter>소스 파일\Controls</Filter>
    </ClCompile>
    <ClCompile Include="CSpinbtnCtrl.cpp">
      <Filter>소스 파일\Controls</Filter>
    </ClCompile>
    <ClCompile Include="CHotkeyCtrl.cpp">
      <Filter>소스 파일\Controls</Filter>
    </ClCompile>
    <ClCompile Include="CDateTimePickCtrl.cpp">
      <Filter>소스 파일\Controls</Filter>
    </ClCompile>
    <ClCompile Include="CTreeViewCtrl.cpp">
      <Filter>소스 파일\Controls</Filter>
    </ClCompile>
    <ClCompile Include="CPropViewCtrl.cpp">
      <Filter>소스 파일\Controls</Filter>
    </ClCompile>
    <ClCompile Include="CModalDialog.cpp">
      <Filter>소스 파일\Dialog</Filter>
    </ClCompile>
    <ClCompile Include="CModelessDialog.cpp">
      <Filter>소스 파일\Dialog</Filter>
    </ClCompile>
    <ClCompile Include="CFileDialog.cpp">
      <Filter>소스 파일\Dialog</Filter>
    </ClCompile>
    <ClCompile Include="CFontDialog.cpp">
      <Filter>소스 파일\Dialog</Filter>
    </ClCompile>
    <ClCompile Include="CColorDialog.cpp">
      <Filter>소스 파일\Dialog</Filter>
    </ClCompile>
    <ClCompile Include="CFindReplaceDialog.cpp">
      <Filter>소스 파일\Dialog</Filter>
    </ClCompile>
    <ClCompile Include="CImageList.cpp">
      <Filter>소스 파일</Filter>
    </ClCompile>
    <ClCompile Include="CDbBufDC.cpp">
      <Filter>소스 파일</Filter>
    </ClCompile>
    <ClCompile Include="CDDBitmap.cpp">
      <Filter>소스 파일</Filter>
    </ClCompile>
    <ClCompile Include="CToolTipCtrl.cpp">
      <Filter>소스 파일\Controls</Filter>
    </ClCompile>
    <ClCompile Include="CMenu.cpp">
      <Filter>소스 파일</Filter>
    </ClCompile>
  </ItemGroup>
  <ItemGroup>
    <ResourceCompile Include="IkhWinLib2.rc">
      <Filter>리소스 파일</Filter>
    </ResourceCompile>
  </ItemGroup>
</Project>